
Microsoft Visual Studio Solution File, Format Version 12.00
# Visual Studio Version 17
VisualStudioVersion = 17.6.33815.320
MinimumVisualStudioVersion = 10.0.40219.1
Project("{FAE04EC0-301F-11D3-BF4B-00C04F79EFBC}") = "NZWalks.API", "NZWalks.API\NZWalks.API.csproj", "{AFA0AE6C-A21F-46A9-9560-0E0F3C71BEE0}"
EndProject
Global
	GlobalSection(SolutionConfigurationPlatforms) = preSolution
		Debug|Any CPU = Debug|Any CPU
		Release|Any CPU = Release|Any CPU
	EndGlobalSection
	GlobalSection(ProjectConfigurationPlatforms) = postSolution
		{AFA0AE6C-A21F-46A9-9560-0E0F3C71BEE0}.Debug|Any CPU.ActiveCfg = Debug|Any CPU
		{AFA0AE6C-A21F-46A9-9560-0E0F3C71BEE0}.Debug|Any CPU.Build.0 = Debug|Any CPU
		{AFA0AE6C-A21F-46A9-9560-0E0F3C71BEE0}.Release|Any CPU.ActiveCfg = Release|Any CPU
		{AFA0AE6C-A21F-46A9-9560-0E0F3C71BEE0}.Release|Any CPU.Build.0 = Release|Any CPU
	EndGlobalSection
	GlobalSection(SolutionProperties) = preSolution
		HideSolutionNode = FALSE
	EndGlobalSection
	GlobalSection(ExtensibilityGlobals) = postSolution
		SolutionGuid = {D307D90F-769C-45A5-8DCB-42F82A5CA5A1}
	EndGlobalSection
EndGlobal
